// !$*UTF8*$!
{
	archiveVersion = 1;
	classes = {
	};
	objectVersion = 56;
	objects = {

/* Begin PBXBuildFile section */
		3402FE6B2B9276470054D647 /* AppDelegate.swift in Sources */ = {isa = PBXBuildFile; fileRef = 3402FE6A2B9276470054D647 /* AppDelegate.swift */; };
		3402FE6D2B9276470054D647 /* SceneDelegate.swift in Sources */ = {isa = PBXBuildFile; fileRef = 3402FE6C2B9276470054D647 /* SceneDelegate.swift */; };
		3402FE6F2B9276470054D647 /* MenuViewController.swift in Sources */ = {isa = PBXBuildFile; fileRef = 3402FE6E2B9276470054D647 /* MenuViewController.swift */; };
		3402FE742B9276490054D647 /* Assets.xcassets in Resources */ = {isa = PBXBuildFile; fileRef = 3402FE732B9276490054D647 /* Assets.xcassets */; };
		3402FE772B9276490054D647 /* LaunchScreen.storyboard in Resources */ = {isa = PBXBuildFile; fileRef = 3402FE752B9276490054D647 /* LaunchScreen.storyboard */; };
		3402FE7F2B927BD00054D647 /* CustomCollectionViewCell.swift in Sources */ = {isa = PBXBuildFile; fileRef = 3402FE7E2B927BD00054D647 /* CustomCollectionViewCell.swift */; };
		3402FE812B9282930054D647 /* MakerView.swift in Sources */ = {isa = PBXBuildFile; fileRef = 3402FE802B9282930054D647 /* MakerView.swift */; };
		3402FE832B92942B0054D647 /* Model.swift in Sources */ = {isa = PBXBuildFile; fileRef = 3402FE822B92942B0054D647 /* Model.swift */; };
/* End PBXBuildFile section */

/* Begin PBXFileReference section */
		3402FE672B9276470054D647 /* asianMenuCV.app */ = {isa = PBXFileReference; explicitFileType = wrapper.application; includeInIndex = 0; path = asianMenuCV.app; sourceTree = BUILT_PRODUCTS_DIR; };
		3402FE6A2B9276470054D647 /* AppDelegate.swift */ = {isa = PBXFileReference; lastKnownFileType = sourcecode.swift; path = AppDelegate.swift; sourceTree = "<group>"; };
		3402FE6C2B9276470054D647 /* SceneDelegate.swift */ = {isa = PBXFileReference; lastKnownFileType = sourcecode.swift; path = SceneDelegate.swift; sourceTree = "<group>"; };
		3402FE6E2B9276470054D647 /* MenuViewController.swift */ = {isa = PBXFileReference; lastKnownFileType = sourcecode.swift; path = MenuViewController.swift; sourceTree = "<group>"; };
		3402FE732B9276490054D647 /* Assets.xcassets */ = {isa = PBXFileReference; lastKnownFileType = folder.assetcatalog; path = Assets.xcassets; sourceTree = "<group>"; };
		3402FE762B9276490054D647 /* Base */ = {isa = PBXFileReference; lastKnownFileType = file.storyboard; name = Base; path = Base.lproj/LaunchScreen.storyboard; sourceTree = "<group>"; };
		3402FE782B9276490054D647 /* Info.plist */ = {isa = PBXFileReference; lastKnownFileType = text.plist.xml; path = Info.plist; sourceTree = "<group>"; };
		3402FE7E2B927BD00054D647 /* CustomCollectionViewCell.swift */ = {isa = PBXFileReference; lastKnownFileType = sourcecode.swift; path = CustomCollectionViewCell.swift; sourceTree = "<group>"; };
		3402FE802B9282930054D647 /* MakerView.swift */ = {isa = PBXFileReference; lastKnownFileType = sourcecode.swift; path = MakerView.swift; sourceTree = "<group>"; };
		3402FE822B92942B0054D647 /* Model.swift */ = {isa = PBXFileReference; lastKnownFileType = sourcecode.swift; path = Model.swift; sourceTree = "<group>"; };
/* End PBXFileReference section */

/* Begin PBXFrameworksBuildPhase section */
		3402FE642B9276470054D647 /* Frameworks */ = {
			isa = PBXFrameworksBuildPhase;
			buildActionMask = 2147483647;
			files = (
			);
			runOnlyForDeploymentPostprocessing = 0;
		};
/* End PBXFrameworksBuildPhase section */

/* Begin PBXGroup section */
		3402FE5E2B9276470054D647 = {
			isa = PBXGroup;
			children = (
				3402FE692B9276470054D647 /* asianMenuCV */,
				3402FE682B9276470054D647 /* Products */,
			);
			sourceTree = "<group>";
		};
		3402FE682B9276470054D647 /* Products */ = {
			isa = PBXGroup;
			children = (
				3402FE672B9276470054D647 /* asianMenuCV.app */,
			);
			name = Products;
			sourceTree = "<group>";
		};
		3402FE692B9276470054D647 /* asianMenuCV */ = {
			isa = PBXGroup;
			children = (
				3402FE842B929AFB0054D647 /* Modules */,
				3402FE852B929B100054D647 /* ViewController */,
				3402FE872B929B4C0054D647 /* CollectionViewCell */,
				3402FE882B929B7A0054D647 /* Model */,
				3402FE892B929B850054D647 /* Views */,
				3402FE862B929B2C0054D647 /* Resources */,
				3402FE752B9276490054D647 /* LaunchScreen.storyboard */,
				3402FE782B9276490054D647 /* Info.plist */,
			);
			path = asianMenuCV;
			sourceTree = "<group>";
		};
		3402FE842B929AFB0054D647 /* Modules */ = {
			isa = PBXGroup;
			children = (
				3402FE6C2B9276470054D647 /* SceneDelegate.swift */,
				3402FE6A2B9276470054D647 /* AppDelegate.swift */,
			);
			path = Modules;
			sourceTree = "<group>";
		};
		3402FE852B929B100054D647 /* ViewController */ = {
			isa = PBXGroup;
			children = (
				3402FE6E2B9276470054D647 /* MenuViewController.swift */,
			);
			path = ViewController;
			sourceTree = "<group>";
		};
		3402FE862B929B2C0054D647 /* Resources */ = {
			isa = PBXGroup;
			children = (
				3402FE732B9276490054D647 /* Assets.xcassets */,
			);
			path = Resources;
			sourceTree = "<group>";
		};
		3402FE872B929B4C0054D647 /* CollectionViewCell */ = {
			isa = PBXGroup;
			children = (
				3402FE7E2B927BD00054D647 /* CustomCollectionViewCell.swift */,
			);
			path = CollectionViewCell;
			sourceTree = "<group>";
		};
		3402FE882B929B7A0054D647 /* Model */ = {
			isa = PBXGroup;
			children = (
				3402FE822B92942B0054D647 /* Model.swift */,
			);
			path = Model;
			sourceTree = "<group>";
		};
		3402FE892B929B850054D647 /* Views */ = {
			isa = PBXGroup;
			children = (
				3402FE802B9282930054D647 /* MakerView.swift */,
			);
			path = Views;
			sourceTree = "<group>";
		};
/* End PBXGroup section */

/* Begin PBXNativeTarget section */
		3402FE662B9276470054D647 /* asianMenuCV */ = {
			isa = PBXNativeTarget;
			buildConfigurationList = 3402FE7B2B9276490054D647 /* Build configuration list for PBXNativeTarget "asianMenuCV" */;
			buildPhases = (
				3402FE632B9276470054D647 /* Sources */,
				3402FE642B9276470054D647 /* Frameworks */,
				3402FE652B9276470054D647 /* Resources */,
			);
			buildRules = (
			);
			dependencies = (
			);
			name = asianMenuCV;
			productName = asianMenuCV;
			productReference = 3402FE672B9276470054D647 /* asianMenuCV.app */;
			productType = "com.apple.product-type.application";
		};
/* End PBXNativeTarget section */

/* Begin PBXProject section */
		3402FE5F2B9276470054D647 /* Project object */ = {
			isa = PBXProject;
			attributes = {
				BuildIndependentTargetsInParallel = 1;
				LastSwiftUpdateCheck = 1500;
				LastUpgradeCheck = 1500;
				TargetAttributes = {
					3402FE662B9276470054D647 = {
						CreatedOnToolsVersion = 15.0.1;
					};
				};
			};
			buildConfigurationList = 3402FE622B9276470054D647 /* Build configuration list for PBXProject "asianMenuCV" */;
			compatibilityVersion = "Xcode 14.0";
			developmentRegion = en;
			hasScannedForEncodings = 0;
			knownRegions = (
				en,
				Base,
			);
			mainGroup = 3402FE5E2B9276470054D647;
			productRefGroup = 3402FE682B9276470054D647 /* Products */;
			projectDirPath = "";
			projectRoot = "";
			targets = (
				3402FE662B9276470054D647 /* asianMenuCV */,
			);
		};
/* End PBXProject section */

/* Begin PBXResourcesBuildPhase section */
		3402FE652B9276470054D647 /* Resources */ = {
			isa = PBXResourcesBuildPhase;
			buildActionMask = 2147483647;
			files = (
				3402FE772B9276490054D647 /* LaunchScreen.storyboard in Resources */,
				3402FE742B9276490054D647 /* Assets.xcassets in Resources */,
			);
			runOnlyForDeploymentPostprocessing = 0;
		};
/* End PBXResourcesBuildPhase section */

/* Begin PBXSourcesBuildPhase section */
		3402FE632B9276470054D647 /* Sources */ = {
			isa = PBXSourcesBuildPhase;
			buildActionMask = 2147483647;
			files = (
				3402FE812B9282930054D647 /* MakerView.swift in Sources */,
				3402FE6F2B9276470054D647 /* MenuViewController.swift in Sources */,
				3402FE6B2B9276470054D647 /* AppDelegate.swift in Sources */,
				3402FE832B92942B0054D647 /* Model.swift in Sources */,
				3402FE6D2B9276470054D647 /* SceneDelegate.swift in Sources */,
				3402FE7F2B927BD00054D647 /* CustomCollectionViewCell.swift in Sources */,
			);
			runOnlyForDeploymentPostprocessing = 0;
		};
/* End PBXSourcesBuildPhase section */

/* Begin PBXVariantGroup section */
		3402FE752B9276490054D647 /* LaunchScreen.storyboard */ = {
			isa = PBXVariantGroup;
			children = (
				3402FE762B9276490054D647 /* Base */,
			);
			name = LaunchScreen.storyboard;
			sourceTree = "<group>";
		};
/* End PBXVariantGroup section */

/* Begin XCBuildConfiguration section */
		3402FE792B9276490054D647 /* Debug */ = {
			isa = XCBuildConfiguration;
			buildSettings = {
				ALWAYS_SEARCH_USER_PATHS = NO;
				ASSETCATALOG_COMPILER_GENERATE_SWIFT_ASSET_SYMBOL_EXTENSIONS = YES;
				CLANG_ANALYZER_NONNULL = YES;
				CLANG_ANALYZER_NUMBER_OBJECT_CONVERSION = YES_AGGRESSIVE;
				CLANG_CXX_LANGUAGE_STANDARD = "gnu++20";
				CLANG_ENABLE_MODULES = YES;
				CLANG_ENABLE_OBJC_ARC = YES;
				CLANG_ENABLE_OBJC_WEAK = YES;
				CLANG_WARN_BLOCK_CAPTURE_AUTORELEASING = YES;
				CLANG_WARN_BOOL_CONVERSION = YES;
				CLANG_WARN_COMMA = YES;
				CLANG_WARN_CONSTANT_CONVERSION = YES;
				CLANG_WARN_DEPRECATED_OBJC_IMPLEMENTATIONS = YES;
				CLANG_WARN_DIRECT_OBJC_ISA_USAGE = YES_ERROR;
				CLANG_WARN_DOCUMENTATION_COMMENTS = YES;
				CLANG_WARN_EMPTY_BODY = YES;
				CLANG_WARN_ENUM_CONVERSION = YES;
				CLANG_WARN_INFINITE_RECURSION = YES;
				CLANG_WARN_INT_CONVERSION = YES;
				CLANG_WARN_NON_LITERAL_NULL_CONVERSION = YES;
				CLANG_WARN_OBJC_IMPLICIT_RETAIN_SELF = YES;
				CLANG_WARN_OBJC_LITERAL_CONVERSION = YES;
				CLANG_WARN_OBJC_ROOT_CLASS = YES_ERROR;
				CLANG_WARN_QUOTED_INCLUDE_IN_FRAMEWORK_HEADER = YES;
				CLANG_WARN_RANGE_LOOP_ANALYSIS = YES;
				CLANG_WARN_STRICT_PROTOTYPES = YES;
				CLANG_WARN_SUSPICIOUS_MOVE = YES;
				CLANG_WARN_UNGUARDED_AVAILABILITY = YES_AGGRESSIVE;
				CLANG_WARN_UNREACHABLE_CODE = YES;
				CLANG_WARN__DUPLICATE_METHOD_MATCH = YES;
				COPY_PHASE_STRIP = NO;
				DEBUG_INFORMATION_FORMAT = dwarf;
				ENABLE_STRICT_OBJC_MSGSEND = YES;
				ENABLE_TESTABILITY = YES;
				ENABLE_USER_SCRIPT_SANDBOXING = YES;
				GCC_C_LANGUAGE_STANDARD = gnu17;
				GCC_DYNAMIC_NO_PIC = NO;
				GCC_NO_COMMON_BLOCKS = YES;
				GCC_OPTIMIZATION_LEVEL = 0;
				GCC_PREPROCESSOR_DEFINITIONS = (
					"DEBUG=1",
					"$(inherited)",
				);
				GCC_WARN_64_TO_32_BIT_CONVERSION = YES;
				GCC_WARN_ABOUT_RETURN_TYPE = YES_ERROR;
				GCC_WARN_UNDECLARED_SELECTOR = YES;
				GCC_WARN_UNINITIALIZED_AUTOS = YES_AGGRESSIVE;
				GCC_WARN_UNUSED_FUNCTION = YES;
				GCC_WARN_UNUSED_VARIABLE = YES;
				IPHONEOS_DEPLOYMENT_TARGET = 17.0;
				LOCALIZATION_PREFERS_STRING_CATALOGS = YES;
				MTL_ENABLE_DEBUG_INFO = INCLUDE_SOURCE;
				MTL_FAST_MATH = YES;
				ONLY_ACTIVE_ARCH = YES;
				SDKROOT = iphoneos;
				SWIFT_ACTIVE_COMPILATION_CONDITIONS = "DEBUG $(inherited)";
				SWIFT_OPTIMIZATION_LEVEL = "-Onone";
			};
			name = Debug;
		};
		3402FE7A2B9276490054D647 /* Release */ = {
			isa = XCBuildConfiguration;
			buildSettings = {
				ALWAYS_SEARCH_USER_PATHS = NO;
				ASSETCATALOG_COMPILER_GENERATE_SWIFT_ASSET_SYMBOL_EXTENSIONS = YES;
				CLANG_ANALYZER_NONNULL = YES;
				CLANG_ANALYZER_NUMBER_OBJECT_CONVERSION = YES_AGGRESSIVE;
				CLANG_CXX_LANGUAGE_STANDARD = "gnu++20";
				CLANG_ENABLE_MODULES = YES;
				CLANG_ENABLE_OBJC_ARC = YES;
				CLANG_ENABLE_OBJC_WEAK = YES;
				CLANG_WARN_BLOCK_CAPTURE_AUTORELEASING = YES;
				CLANG_WARN_BOOL_CONVERSION = YES;
				CLANG_WARN_COMMA = YES;
				CLANG_WARN_CONSTANT_CONVERSION = YES;
				CLANG_WARN_DEPRECATED_OBJC_IMPLEMENTATIONS = YES;
				CLANG_WARN_DIRECT_OBJC_ISA_USAGE = YES_ERROR;
				CLANG_WARN_DOCUMENTATION_COMMENTS = YES;
				CLANG_WARN_EMPTY_BODY = YES;
				CLANG_WARN_ENUM_CONVERSION = YES;
				CLANG_WARN_INFINITE_RECURSION = YES;
				CLANG_WARN_INT_CONVERSION = YES;
				CLANG_WARN_NON_LITERAL_NULL_CONVERSION = YES;
				CLANG_WARN_OBJC_IMPLICIT_RETAIN_SELF = YES;
				CLANG_WARN_OBJC_LITERAL_CONVERSION = YES;
				CLANG_WARN_OBJC_ROOT_CLASS = YES_ERROR;
				CLANG_WARN_QUOTED_INCLUDE_IN_FRAMEWORK_HEADER = YES;
				CLANG_WARN_RANGE_LOOP_ANALYSIS = YES;
				CLANG_WARN_STRICT_PROTOTYPES = YES;
				CLANG_WARN_SUSPICIOUS_MOVE = YES;
				CLANG_WARN_UNGUARDED_AVAILABILITY = YES_AGGRESSIVE;
				CLANG_WARN_UNREACHABLE_CODE = YES;
				CLANG_WARN__DUPLICATE_METHOD_MATCH = YES;
				COPY_PHASE_STRIP = NO;
				DEBUG_INFORMATION_FORMAT = "dwarf-with-dsym";
				ENABLE_NS_ASSERTIONS = NO;
				ENABLE_STRICT_OBJC_MSGSEND = YES;
				ENABLE_USER_SCRIPT_SANDBOXING = YES;
				GCC_C_LANGUAGE_STANDARD = gnu17;
				GCC_NO_COMMON_BLOCKS = YES;
				GCC_WARN_64_TO_32_BIT_CONVERSION = YES;
				GCC_WARN_ABOUT_RETURN_TYPE = YES_ERROR;
				GCC_WARN_UNDECLARED_SELECTOR = YES;
				GCC_WARN_UNINITIALIZED_AUTOS = YES_AGGRESSIVE;
				GCC_WARN_UNUSED_FUNCTION = YES;
				GCC_WARN_UNUSED_VARIABLE = YES;
				IPHONEOS_DEPLOYMENT_TARGET = 17.0;
				LOCALIZATION_PREFERS_STRING_CATALOGS = YES;
				MTL_ENABLE_DEBUG_INFO = NO;
				MTL_FAST_MATH = YES;
				SDKROOT = iphoneos;
				SWIFT_COMPILATION_MODE = wholemodule;
				VALIDATE_PRODUCT = YES;
			};
			name = Release;
		};
		3402FE7C2B9276490054D647 /* Debug */ = {
			isa = XCBuildConfiguration;
			buildSettings = {
				ASSETCATALOG_COMPILER_APPICON_NAME = AppIcon;
				ASSETCATALOG_COMPILER_GLOBAL_ACCENT_COLOR_NAME = AccentColor;
				CODE_SIGN_STYLE = Automatic;
				CURRENT_PROJECT_VERSION = 1;
				DEVELOPMENT_TEAM = LW4WS2JJ5L;
				GENERATE_INFOPLIST_FILE = YES;
				INFOPLIST_FILE = asianMenuCV/Info.plist;
				INFOPLIST_KEY_UIApplicationSupportsIndirectInputEvents = YES;
				INFOPLIST_KEY_UILaunchStoryboardName = LaunchScreen;
				INFOPLIST_KEY_UISupportedInterfaceOrientations_iPad = "UIInterfaceOrientationPortrait UIInterfaceOrientationPortraitUpsideDown UIInterfaceOrientationLandscapeLeft UIInterfaceOrientationLandscapeRight";
				INFOPLIST_KEY_UISupportedInterfaceOrientations_iPhone = "UIInterfaceOrientationPortrait UIInterfaceOrientationLandscapeLeft UIInterfaceOrientationLandscapeRight";
				LD_RUNPATH_SEARCH_PATHS = (
					"$(inherited)",
					"@executable_path/Frameworks",
				);
				MARKETING_VERSION = 1.0;
				PRODUCT_BUNDLE_IDENTIFIER = com.zhamilia.asianMenuCV;
				PRODUCT_NAME = "$(TARGET_NAME)";
				SWIFT_EMIT_LOC_STRINGS = YES;
				SWIFT_VERSION = 5.0;
				TARGETED_DEVICE_FAMILY = "1,2";
			};
			name = Debug;
		};
		3402FE7D2B9276490054D647 /* Release */ = {
			isa = XCBuildConfiguration;
			buildSettings = {
				ASSETCATALOG_COMPILER_APPICON_NAME = AppIcon;
				ASSETCATALOG_COMPILER_GLOBAL_ACCENT_COLOR_NAME = AccentColor;
				CODE_SIGN_STYLE = Automatic;
				CURRENT_PROJECT_VERSION = 1;
				DEVELOPMENT_TEAM = LW4WS2JJ5L;
				GENERATE_INFOPLIST_FILE = YES;
				INFOPLIST_FILE = asianMenuCV/Info.plist;
				INFOPLIST_KEY_UIApplicationSupportsIndirectInputEvents = YES;
				INFOPLIST_KEY_UILaunchStoryboardName = LaunchScreen;
				INFOPLIST_KEY_UISupportedInterfaceOrientations_iPad = "UIInterfaceOrientationPortrait UIInterfaceOrientationPortraitUpsideDown UIInterfaceOrientationLandscapeLeft UIInterfaceOrientationLandscapeRight";
				INFOPLIST_KEY_UISupportedInterfaceOrientations_iPhone = "UIInterfaceOrientationPortrait UIInterfaceOrientationLandscapeLeft UIInterfaceOrientationLandscapeRight";
				LD_RUNPATH_SEARCH_PATHS = (
					"$(inherited)",
					"@executable_path/Frameworks",
				);
				MARKETING_VERSION = 1.0;
				PRODUCT_BUNDLE_IDENTIFIER = com.zhamilia.asianMenuCV;
				PRODUCT_NAME = "$(TARGET_NAME)";
				SWIFT_EMIT_LOC_STRINGS = YES;
				SWIFT_VERSION = 5.0;
				TARGETED_DEVICE_FAMILY = "1,2";
			};
			name = Release;
		};
/* End XCBuildConfiguration section */

/* Begin XCConfigurationList section */
		3402FE622B9276470054D647 /* Build configuration list for PBXProject "asianMenuCV" */ = {
			isa = XCConfigurationList;
			buildConfigurations = (
				3402FE792B9276490054D647 /* Debug */,
				3402FE7A2B9276490054D647 /* Release */,
			);
			defaultConfigurationIsVisible = 0;
			defaultConfigurationName = Release;
		};
		3402FE7B2B9276490054D647 /* Build configuration list for PBXNativeTarget "asianMenuCV" */ = {
			isa = XCConfigurationList;
			buildConfigurations = (
				3402FE7C2B9276490054D647 /* Debug */,
				3402FE7D2B9276490054D647 /* Release */,
			);
			defaultConfigurationIsVisible = 0;
			defaultConfigurationName = Release;
		};
/* End XCConfigurationList section */
	};
	rootObject = 3402FE5F2B9276470054D647 /* Project object */;
}
